# This file is autogenerated, do not edit; changes may be undone by the next 'dep ensure'.


[[projects]]
  branch = "master"
  name = "github.com/bmatsuo/go-jsontree"
  packages = ["."]
  revision = "8a1cc1e88d44390691f69163f6bc597aac267cc3"

[solve-meta]
  analyzer-name = "dep"
  analyzer-version = 1
  inputs-digest = "d33fd63f0cd06d560112a6df04cc1ba7ece55f6856cb420e7e78bf3cd01cf49b"
  solver-name = "gps-cdcl"
  solver-version = 1
